// !$*UTF8*$!
{
	archiveVersion = 1;
	classes = {
	};
	objectVersion = 50;
	objects = {

/* Begin PBXBuildFile section */
		109C1F8C25C83785008C49A7 /* AppDelegate.swift in Sources */ = {isa = PBXBuildFile; fileRef = 109C1F8B25C83785008C49A7 /* AppDelegate.swift */; };
		109C1F8E25C83785008C49A7 /* SceneDelegate.swift in Sources */ = {isa = PBXBuildFile; fileRef = 109C1F8D25C83785008C49A7 /* SceneDelegate.swift */; };
		109C1F9325C83785008C49A7 /* Main.storyboard in Resources */ = {isa = PBXBuildFile; fileRef = 109C1F9125C83785008C49A7 /* Main.storyboard */; };
		109C1F9525C83787008C49A7 /* Assets.xcassets in Resources */ = {isa = PBXBuildFile; fileRef = 109C1F9425C83787008C49A7 /* Assets.xcassets */; };
		109C1F9825C83787008C49A7 /* LaunchScreen.storyboard in Resources */ = {isa = PBXBuildFile; fileRef = 109C1F9625C83787008C49A7 /* LaunchScreen.storyboard */; };
		109C1FA325C83787008C49A7 /* PitchPerfectTests.swift in Sources */ = {isa = PBXBuildFile; fileRef = 109C1FA225C83787008C49A7 /* PitchPerfectTests.swift */; };
		109C1FAE25C83787008C49A7 /* PitchPerfectUITests.swift in Sources */ = {isa = PBXBuildFile; fileRef = 109C1FAD25C83787008C49A7 /* PitchPerfectUITests.swift */; };
		10CFF77025C95FAD00740078 /* PlaySoundsViewController.swift in Sources */ = {isa = PBXBuildFile; fileRef = 10CFF76E25C95FAD00740078 /* PlaySoundsViewController.swift */; };
		10CFF77125C95FAD00740078 /* RecordSoundsViewController.swift in Sources */ = {isa = PBXBuildFile; fileRef = 10CFF76F25C95FAD00740078 /* RecordSoundsViewController.swift */; };
/* End PBXBuildFile section */

/* Begin PBXContainerItemProxy section */
		109C1F9F25C83787008C49A7 /* PBXContainerItemProxy */ = {
			isa = PBXContainerItemProxy;
			containerPortal = 109C1F8025C83785008C49A7 /* Project object */;
			proxyType = 1;
			remoteGlobalIDString = 109C1F8725C83785008C49A7;
			remoteInfo = PitchPerfect;
		};
		109C1FAA25C83787008C49A7 /* PBXContainerItemProxy */ = {
			isa = PBXContainerItemProxy;
			containerPortal = 109C1F8025C83785008C49A7 /* Project object */;
			proxyType = 1;
			remoteGlobalIDString = 109C1F8725C83785008C49A7;
			remoteInfo = PitchPerfect;
		};
/* End PBXContainerItemProxy section */

/* Begin PBXFileReference section */
		109C1F8825C83785008C49A7 /* PitchPerfect.app */ = {isa = PBXFileReference; explicitFileType = wrapper.application; includeInIndex = 0; path = PitchPerfect.app; sourceTree = BUILT_PRODUCTS_DIR; };
		109C1F8B25C83785008C49A7 /* AppDelegate.swift */ = {isa = PBXFileReference; lastKnownFileType = sourcecode.swift; path = AppDelegate.swift; sourceTree = "<group>"; };
		109C1F8D25C83785008C49A7 /* SceneDelegate.swift */ = {isa = PBXFileReference; lastKnownFileType = sourcecode.swift; path = SceneDelegate.swift; sourceTree = "<group>"; };
		109C1F9225C83785008C49A7 /* Base */ = {isa = PBXFileReference; lastKnownFileType = file.storyboard; name = Base; path = Base.lproj/Main.storyboard; sourceTree = "<group>"; };
		109C1F9425C83787008C49A7 /* Assets.xcassets */ = {isa = PBXFileReference; lastKnownFileType = folder.assetcatalog; path = Assets.xcassets; sourceTree = "<group>"; };
		109C1F9725C83787008C49A7 /* Base */ = {isa = PBXFileReference; lastKnownFileType = file.storyboard; name = Base; path = Base.lproj/LaunchScreen.storyboard; sourceTree = "<group>"; };
		109C1F9925C83787008C49A7 /* Info.plist */ = {isa = PBXFileReference; lastKnownFileType = text.plist.xml; path = Info.plist; sourceTree = "<group>"; };
		109C1F9E25C83787008C49A7 /* PitchPerfectTests.xctest */ = {isa = PBXFileReference; explicitFileType = wrapper.cfbundle; includeInIndex = 0; path = PitchPerfectTests.xctest; sourceTree = BUILT_PRODUCTS_DIR; };
		109C1FA225C83787008C49A7 /* PitchPerfectTests.swift */ = {isa = PBXFileReference; lastKnownFileType = sourcecode.swift; path = PitchPerfectTests.swift; sourceTree = "<group>"; };
		109C1FA425C83787008C49A7 /* Info.plist */ = {isa = PBXFileReference; lastKnownFileType = text.plist.xml; path = Info.plist; sourceTree = "<group>"; };
		109C1FA925C83787008C49A7 /* PitchPerfectUITests.xctest */ = {isa = PBXFileReference; explicitFileType = wrapper.cfbundle; includeInIndex = 0; path = PitchPerfectUITests.xctest; sourceTree = BUILT_PRODUCTS_DIR; };
		109C1FAD25C83787008C49A7 /* PitchPerfectUITests.swift */ = {isa = PBXFileReference; lastKnownFileType = sourcecode.swift; path = PitchPerfectUITests.swift; sourceTree = "<group>"; };
		109C1FAF25C83787008C49A7 /* Info.plist */ = {isa = PBXFileReference; lastKnownFileType = text.plist.xml; path = Info.plist; sourceTree = "<group>"; };
		10CFF76E25C95FAD00740078 /* PlaySoundsViewController.swift */ = {isa = PBXFileReference; fileEncoding = 4; lastKnownFileType = sourcecode.swift; path = PlaySoundsViewController.swift; sourceTree = "<group>"; };
		10CFF76F25C95FAD00740078 /* RecordSoundsViewController.swift */ = {isa = PBXFileReference; fileEncoding = 4; lastKnownFileType = sourcecode.swift; path = RecordSoundsViewController.swift; sourceTree = "<group>"; };
/* End PBXFileReference section */

/* Begin PBXFrameworksBuildPhase section */
		109C1F8525C83785008C49A7 /* Frameworks */ = {
			isa = PBXFrameworksBuildPhase;
			buildActionMask = 2147483647;
			files = (
			);
			runOnlyForDeploymentPostprocessing = 0;
		};
		109C1F9B25C83787008C49A7 /* Frameworks */ = {
			isa = PBXFrameworksBuildPhase;
			buildActionMask = 2147483647;
			files = (
			);
			runOnlyForDeploymentPostprocessing = 0;
		};
		109C1FA625C83787008C49A7 /* Frameworks */ = {
			isa = PBXFrameworksBuildPhase;
			buildActionMask = 2147483647;
			files = (
			);
			runOnlyForDeploymentPostprocessing = 0;
		};
/* End PBXFrameworksBuildPhase section */

/* Begin PBXGroup section */
		109C1F7F25C83785008C49A7 = {
			isa = PBXGroup;
			children = (
				109C1F8A25C83785008C49A7 /* PitchPerfect */,
				109C1FA125C83787008C49A7 /* PitchPerfectTests */,
				109C1FAC25C83787008C49A7 /* PitchPerfectUITests */,
				109C1F8925C83785008C49A7 /* Products */,
			);
			sourceTree = "<group>";
		};
		109C1F8925C83785008C49A7 /* Products */ = {
			isa = PBXGroup;
			children = (
				109C1F8825C83785008C49A7 /* PitchPerfect.app */,
				109C1F9E25C83787008C49A7 /* PitchPerfectTests.xctest */,
				109C1FA925C83787008C49A7 /* PitchPerfectUITests.xctest */,
			);
			name = Products;
			sourceTree = "<group>";
		};
		109C1F8A25C83785008C49A7 /* PitchPerfect */ = {
			isa = PBXGroup;
			children = (
				109C1F8B25C83785008C49A7 /* AppDelegate.swift */,
				109C1F8D25C83785008C49A7 /* SceneDelegate.swift */,
				109C1F9125C83785008C49A7 /* Main.storyboard */,
				10CFF76E25C95FAD00740078 /* PlaySoundsViewController.swift */,
				10CFF76F25C95FAD00740078 /* RecordSoundsViewController.swift */,
				109C1F9425C83787008C49A7 /* Assets.xcassets */,
				109C1F9625C83787008C49A7 /* LaunchScreen.storyboard */,
				109C1F9925C83787008C49A7 /* Info.plist */,
			);
			path = PitchPerfect;
			sourceTree = "<group>";
		};
		109C1FA125C83787008C49A7 /* PitchPerfectTests */ = {
			isa = PBXGroup;
			children = (
				109C1FA225C83787008C49A7 /* PitchPerfectTests.swift */,
				109C1FA425C83787008C49A7 /* Info.plist */,
			);
			path = PitchPerfectTests;
			sourceTree = "<group>";
		};
		109C1FAC25C83787008C49A7 /* PitchPerfectUITests */ = {
			isa = PBXGroup;
			children = (
				109C1FAD25C83787008C49A7 /* PitchPerfectUITests.swift */,
				109C1FAF25C83787008C49A7 /* Info.plist */,
			);
			path = PitchPerfectUITests;
			sourceTree = "<group>";
		};
/* End PBXGroup section */

/* Begin PBXNativeTarget section */
		109C1F8725C83785008C49A7 /* PitchPerfect */ = {
			isa = PBXNativeTarget;
			buildConfigurationList = 109C1FB225C83787008C49A7 /* Build configuration list for PBXNativeTarget "PitchPerfect" */;
			buildPhases = (
				109C1F8425C83785008C49A7 /* Sources */,
				109C1F8525C83785008C49A7 /* Frameworks */,
				109C1F8625C83785008C49A7 /* Resources */,
			);
			buildRules = (
			);
			dependencies = (
			);
			name = PitchPerfect;
			productName = PitchPerfect;
			productReference = 109C1F8825C83785008C49A7 /* PitchPerfect.app */;
			productType = "com.apple.product-type.application";
		};
		109C1F9D25C83787008C49A7 /* PitchPerfectTests */ = {
			isa = PBXNativeTarget;
			buildConfigurationList = 109C1FB525C83787008C49A7 /* Build configuration list for PBXNativeTarget "PitchPerfectTests" */;
			buildPhases = (
				109C1F9A25C83787008C49A7 /* Sources */,
				109C1F9B25C83787008C49A7 /* Frameworks */,
				109C1F9C25C83787008C49A7 /* Resources */,
			);
			buildRules = (
			);
			dependencies = (
				109C1FA025C83787008C49A7 /* PBXTargetDependency */,
			);
			name = PitchPerfectTests;
			productName = PitchPerfectTests;
			productReference = 109C1F9E25C83787008C49A7 /* PitchPerfectTests.xctest */;
			productType = "com.apple.product-type.bundle.unit-test";
		};
		109C1FA825C83787008C49A7 /* PitchPerfectUITests */ = {
			isa = PBXNativeTarget;
			buildConfigurationList = 109C1FB825C83787008C49A7 /* Build configuration list for PBXNativeTarget "PitchPerfectUITests" */;
			buildPhases = (
				109C1FA525C83787008C49A7 /* Sources */,
				109C1FA625C83787008C49A7 /* Frameworks */,
				109C1FA725C83787008C49A7 /* Resources */,
			);
			buildRules = (
			);
			dependencies = (
				109C1FAB25C83787008C49A7 /* PBXTargetDependency */,
			);
			name = PitchPerfectUITests;
			productName = PitchPerfectUITests;
			productReference = 109C1FA925C83787008C49A7 /* PitchPerfectUITests.xctest */;
			productType = "com.apple.product-type.bundle.ui-testing";
		};
/* End PBXNativeTarget section */

/* Begin PBXProject section */
		109C1F8025C83785008C49A7 /* Project object */ = {
			isa = PBXProject;
			attributes = {
				LastSwiftUpdateCheck = 1240;
				LastUpgradeCheck = 1240;
				TargetAttributes = {
					109C1F8725C83785008C49A7 = {
						CreatedOnToolsVersion = 12.4;
					};
					109C1F9D25C83787008C49A7 = {
						CreatedOnToolsVersion = 12.4;
						TestTargetID = 109C1F8725C83785008C49A7;
					};
					109C1FA825C83787008C49A7 = {
						CreatedOnToolsVersion = 12.4;
						TestTargetID = 109C1F8725C83785008C49A7;
					};
				};
			};
			buildConfigurationList = 109C1F8325C83785008C49A7 /* Build configuration list for PBXProject "PitchPerfect" */;
			compatibilityVersion = "Xcode 9.3";
			developmentRegion = en;
			hasScannedForEncodings = 0;
			knownRegions = (
				en,
				Base,
			);
			mainGroup = 109C1F7F25C83785008C49A7;
			productRefGroup = 109C1F8925C83785008C49A7 /* Products */;
			projectDirPath = "";
			projectRoot = "";
			targets = (
				109C1F8725C83785008C49A7 /* PitchPerfect */,
				109C1F9D25C83787008C49A7 /* PitchPerfectTests */,
				109C1FA825C83787008C49A7 /* PitchPerfectUITests */,
			);
		};
/* End PBXProject section */

/* Begin PBXResourcesBuildPhase section */
		109C1F8625C83785008C49A7 /* Resources */ = {
			isa = PBXResourcesBuildPhase;
			buildActionMask = 2147483647;
			files = (
				109C1F9825C83787008C49A7 /* LaunchScreen.storyboard in Resources */,
				109C1F9525C83787008C49A7 /* Assets.xcassets in Resources */,
				109C1F9325C83785008C49A7 /* Main.storyboard in Resources */,
			);
			runOnlyForDeploymentPostprocessing = 0;
		};
		109C1F9C25C83787008C49A7 /* Resources */ = {
			isa = PBXResourcesBuildPhase;
			buildActionMask = 2147483647;
			files = (
			);
			runOnlyForDeploymentPostprocessing = 0;
		};
		109C1FA725C83787008C49A7 /* Resources */ = {
			isa = PBXResourcesBuildPhase;
			buildActionMask = 2147483647;
			files = (
			);
			runOnlyForDeploymentPostprocessing = 0;
		};
/* End PBXResourcesBuildPhase section */

/* Begin PBXSourcesBuildPhase section */
		109C1F8425C83785008C49A7 /* Sources */ = {
			isa = PBXSourcesBuildPhase;
			buildActionMask = 2147483647;
			files = (
				109C1F8C25C83785008C49A7 /* AppDelegate.swift in Sources */,
				10CFF77025C95FAD00740078 /* PlaySoundsViewController.swift in Sources */,
				10CFF77125C95FAD00740078 /* RecordSoundsViewController.swift in Sources */,
				109C1F8E25C83785008C49A7 /* SceneDelegate.swift in Sources */,
			);
			runOnlyForDeploymentPostprocessing = 0;
		};
		109C1F9A25C83787008C49A7 /* Sources */ = {
			isa = PBXSourcesBuildPhase;
			buildActionMask = 2147483647;
			files = (
				109C1FA325C83787008C49A7 /* PitchPerfectTests.swift in Sources */,
			);
			runOnlyForDeploymentPostprocessing = 0;
		};
		109C1FA525C83787008C49A7 /* Sources */ = {
			isa = PBXSourcesBuildPhase;
			buildActionMask = 2147483647;
			files = (
				109C1FAE25C83787008C49A7 /* PitchPerfectUITests.swift in Sources */,
			);
			runOnlyForDeploymentPostprocessing = 0;
		};
/* End PBXSourcesBuildPhase section */

/* Begin PBXTargetDependency section */
		109C1FA025C83787008C49A7 /* PBXTargetDependency */ = {
			isa = PBXTargetDependency;
			target = 109C1F8725C83785008C49A7 /* PitchPerfect */;
			targetProxy = 109C1F9F25C83787008C49A7 /* PBXContainerItemProxy */;
		};
		109C1FAB25C83787008C49A7 /* PBXTargetDependency */ = {
			isa = PBXTargetDependency;
			target = 109C1F8725C83785008C49A7 /* PitchPerfect */;
			targetProxy = 109C1FAA25C83787008C49A7 /* PBXContainerItemProxy */;
		};
/* End PBXTargetDependency section */

/* Begin PBXVariantGroup section */
		109C1F9125C83785008C49A7 /* Main.storyboard */ = {
			isa = PBXVariantGroup;
			children = (
				109C1F9225C83785008C49A7 /* Base */,
			);
			name = Main.storyboard;
			sourceTree = "<group>";
		};
		109C1F9625C83787008C49A7 /* LaunchScreen.storyboard */ = {
			isa = PBXVariantGroup;
			children = (
				109C1F9725C83787008C49A7 /* Base */,
			);
			name = LaunchScreen.storyboard;
			sourceTree = "<group>";
		};
/* End PBXVariantGroup section */

/* Begin XCBuildConfiguration section */
		109C1FB025C83787008C49A7 /* Debug */ = {
			isa = XCBuildConfiguration;
			buildSettings = {
				ALWAYS_SEARCH_USER_PATHS = NO;
				CLANG_ANALYZER_NONNULL = YES;
				CLANG_ANALYZER_NUMBER_OBJECT_CONVERSION = YES_AGGRESSIVE;
				CLANG_CXX_LANGUAGE_STANDARD = "gnu++14";
				CLANG_CXX_LIBRARY = "libc++";
				CLANG_ENABLE_MODULES = YES;
				CLANG_ENABLE_OBJC_ARC = YES;
				CLANG_ENABLE_OBJC_WEAK = YES;
				CLANG_WARN_BLOCK_CAPTURE_AUTORELEASING = YES;
				CLANG_WARN_BOOL_CONVERSION = YES;
				CLANG_WARN_COMMA = YES;
				CLANG_WARN_CONSTANT_CONVERSION = YES;
				CLANG_WARN_DEPRECATED_OBJC_IMPLEMENTATIONS = YES;
				CLANG_WARN_DIRECT_OBJC_ISA_USAGE = YES_ERROR;
				CLANG_WARN_DOCUMENTATION_COMMENTS = YES;
				CLANG_WARN_EMPTY_BODY = YES;
				CLANG_WARN_ENUM_CONVERSION = YES;
				CLANG_WARN_INFINITE_RECURSION = YES;
				CLANG_WARN_INT_CONVERSION = YES;
				CLANG_WARN_NON_LITERAL_NULL_CONVERSION = YES;
				CLANG_WARN_OBJC_IMPLICIT_RETAIN_SELF = YES;
				CLANG_WARN_OBJC_LITERAL_CONVERSION = YES;
				CLANG_WARN_OBJC_ROOT_CLASS = YES_ERROR;
				CLANG_WARN_QUOTED_INCLUDE_IN_FRAMEWORK_HEADER = YES;
				CLANG_WARN_RANGE_LOOP_ANALYSIS = YES;
				CLANG_WARN_STRICT_PROTOTYPES = YES;
				CLANG_WARN_SUSPICIOUS_MOVE = YES;
				CLANG_WARN_UNGUARDED_AVAILABILITY = YES_AGGRESSIVE;
				CLANG_WARN_UNREACHABLE_CODE = YES;
				CLANG_WARN__DUPLICATE_METHOD_MATCH = YES;
				COPY_PHASE_STRIP = NO;
				DEBUG_INFORMATION_FORMAT = dwarf;
				ENABLE_STRICT_OBJC_MSGSEND = YES;
				ENABLE_TESTABILITY = YES;
				GCC_C_LANGUAGE_STANDARD = gnu11;
				GCC_DYNAMIC_NO_PIC = NO;
				GCC_NO_COMMON_BLOCKS = YES;
				GCC_OPTIMIZATION_LEVEL = 0;
				GCC_PREPROCESSOR_DEFINITIONS = (
					"DEBUG=1",
					"$(inherited)",
				);
				GCC_WARN_64_TO_32_BIT_CONVERSION = YES;
				GCC_WARN_ABOUT_RETURN_TYPE = YES_ERROR;
				GCC_WARN_UNDECLARED_SELECTOR = YES;
				GCC_WARN_UNINITIALIZED_AUTOS = YES_AGGRESSIVE;
				GCC_WARN_UNUSED_FUNCTION = YES;
				GCC_WARN_UNUSED_VARIABLE = YES;
				IPHONEOS_DEPLOYMENT_TARGET = 14.4;
				MTL_ENABLE_DEBUG_INFO = INCLUDE_SOURCE;
				MTL_FAST_MATH = YES;
				ONLY_ACTIVE_ARCH = YES;
				SDKROOT = iphoneos;
				SWIFT_ACTIVE_COMPILATION_CONDITIONS = DEBUG;
				SWIFT_OPTIMIZATION_LEVEL = "-Onone";
			};
			name = Debug;
		};
		109C1FB125C83787008C49A7 /* Release */ = {
			isa = XCBuildConfiguration;
			buildSettings = {
				ALWAYS_SEARCH_USER_PATHS = NO;
				CLANG_ANALYZER_NONNULL = YES;
				CLANG_ANALYZER_NUMBER_OBJECT_CONVERSION = YES_AGGRESSIVE;
				CLANG_CXX_LANGUAGE_STANDARD = "gnu++14";
				CLANG_CXX_LIBRARY = "libc++";
				CLANG_ENABLE_MODULES = YES;
				CLANG_ENABLE_OBJC_ARC = YES;
				CLANG_ENABLE_OBJC_WEAK = YES;
				CLANG_WARN_BLOCK_CAPTURE_AUTORELEASING = YES;
				CLANG_WARN_BOOL_CONVERSION = YES;
				CLANG_WARN_COMMA = YES;
				CLANG_WARN_CONSTANT_CONVERSION = YES;
				CLANG_WARN_DEPRECATED_OBJC_IMPLEMENTATIONS = YES;
				CLANG_WARN_DIRECT_OBJC_ISA_USAGE = YES_ERROR;
				CLANG_WARN_DOCUMENTATION_COMMENTS = YES;
				CLANG_WARN_EMPTY_BODY = YES;
				CLANG_WARN_ENUM_CONVERSION = YES;
				CLANG_WARN_INFINITE_RECURSION = YES;
				CLANG_WARN_INT_CONVERSION = YES;
				CLANG_WARN_NON_LITERAL_NULL_CONVERSION = YES;
				CLANG_WARN_OBJC_IMPLICIT_RETAIN_SELF = YES;
				CLANG_WARN_OBJC_LITERAL_CONVERSION = YES;
				CLANG_WARN_OBJC_ROOT_CLASS = YES_ERROR;
				CLANG_WARN_QUOTED_INCLUDE_IN_FRAMEWORK_HEADER = YES;
				CLANG_WARN_RANGE_LOOP_ANALYSIS = YES;
				CLANG_WARN_STRICT_PROTOTYPES = YES;
				CLANG_WARN_SUSPICIOUS_MOVE = YES;
				CLANG_WARN_UNGUARDED_AVAILABILITY = YES_AGGRESSIVE;
				CLANG_WARN_UNREACHABLE_CODE = YES;
				CLANG_WARN__DUPLICATE_METHOD_MATCH = YES;
				COPY_PHASE_STRIP = NO;
				DEBUG_INFORMATION_FORMAT = "dwarf-with-dsym";
				ENABLE_NS_ASSERTIONS = NO;
				ENABLE_STRICT_OBJC_MSGSEND = YES;
				GCC_C_LANGUAGE_STANDARD = gnu11;
				GCC_NO_COMMON_BLOCKS = YES;
				GCC_WARN_64_TO_32_BIT_CONVERSION = YES;
				GCC_WARN_ABOUT_RETURN_TYPE = YES_ERROR;
				GCC_WARN_UNDECLARED_SELECTOR = YES;
				GCC_WARN_UNINITIALIZED_AUTOS = YES_AGGRESSIVE;
				GCC_WARN_UNUSED_FUNCTION = YES;
				GCC_WARN_UNUSED_VARIABLE = YES;
				IPHONEOS_DEPLOYMENT_TARGET = 14.4;
				MTL_ENABLE_DEBUG_INFO = NO;
				MTL_FAST_MATH = YES;
				SDKROOT = iphoneos;
				SWIFT_COMPILATION_MODE = wholemodule;
				SWIFT_OPTIMIZATION_LEVEL = "-O";
				VALIDATE_PRODUCT = YES;
			};
			name = Release;
		};
		109C1FB325C83787008C49A7 /* Debug */ = {
			isa = XCBuildConfiguration;
			buildSettings = {
				ASSETCATALOG_COMPILER_APPICON_NAME = AppIcon;
				ASSETCATALOG_COMPILER_GLOBAL_ACCENT_COLOR_NAME = AccentColor;
				CODE_SIGN_STYLE = Automatic;
				INFOPLIST_FILE = PitchPerfect/Info.plist;
				LD_RUNPATH_SEARCH_PATHS = (
					"$(inherited)",
					"@executable_path/Frameworks",
				);
				PRODUCT_BUNDLE_IDENTIFIER = course.PitchPerfect;
				PRODUCT_NAME = "$(TARGET_NAME)";
				SWIFT_VERSION = 5.0;
				TARGETED_DEVICE_FAMILY = "1,2";
			};
			name = Debug;
		};
		109C1FB425C83787008C49A7 /* Release */ = {
			isa = XCBuildConfiguration;
			buildSettings = {
				ASSETCATALOG_COMPILER_APPICON_NAME = AppIcon;
				ASSETCATALOG_COMPILER_GLOBAL_ACCENT_COLOR_NAME = AccentColor;
				CODE_SIGN_STYLE = Automatic;
				INFOPLIST_FILE = PitchPerfect/Info.plist;
				LD_RUNPATH_SEARCH_PATHS = (
					"$(inherited)",
					"@executable_path/Frameworks",
				);
				PRODUCT_BUNDLE_IDENTIFIER = course.PitchPerfect;
				PRODUCT_NAME = "$(TARGET_NAME)";
				SWIFT_VERSION = 5.0;
				TARGETED_DEVICE_FAMILY = "1,2";
			};
			name = Release;
		};
		109C1FB625C83787008C49A7 /* Debug */ = {
			isa = XCBuildConfiguration;
			buildSettings = {
				ALWAYS_EMBED_SWIFT_STANDARD_LIBRARIES = YES;
				BUNDLE_LOADER = "$(TEST_HOST)";
				CODE_SIGN_STYLE = Automatic;
				INFOPLIST_FILE = PitchPerfectTests/Info.plist;
				IPHONEOS_DEPLOYMENT_TARGET = 14.4;
				LD_RUNPATH_SEARCH_PATHS = (
					"$(inherited)",
					"@executable_path/Frameworks",
					"@loader_path/Frameworks",
				);
				PRODUCT_BUNDLE_IDENTIFIER = course.PitchPerfectTests;
				PRODUCT_NAME = "$(TARGET_NAME)";
				SWIFT_VERSION = 5.0;
				TARGETED_DEVICE_FAMILY = "1,2";
				TEST_HOST = "$(BUILT_PRODUCTS_DIR)/PitchPerfect.app/PitchPerfect";
			};
			name = Debug;
		};
		109C1FB725C83787008C49A7 /* Release */ = {
			isa = XCBuildConfiguration;
			buildSettings = {
				ALWAYS_EMBED_SWIFT_STANDARD_LIBRARIES = YES;
				BUNDLE_LOADER = "$(TEST_HOST)";
				CODE_SIGN_STYLE = Automatic;
				INFOPLIST_FILE = PitchPerfectTests/Info.plist;
				IPHONEOS_DEPLOYMENT_TARGET = 14.4;
				LD_RUNPATH_SEARCH_PATHS = (
					"$(inherited)",
					"@executable_path/Frameworks",
					"@loader_path/Frameworks",
				);
				PRODUCT_BUNDLE_IDENTIFIER = course.PitchPerfectTests;
				PRODUCT_NAME = "$(TARGET_NAME)";
				SWIFT_VERSION = 5.0;
				TARGETED_DEVICE_FAMILY = "1,2";
				TEST_HOST = "$(BUILT_PRODUCTS_DIR)/PitchPerfect.app/PitchPerfect";
			};
			name = Release;
		};
		109C1FB925C83787008C49A7 /* Debug */ = {
			isa = XCBuildConfiguration;
			buildSettings = {
				ALWAYS_EMBED_SWIFT_STANDARD_LIBRARIES = YES;
				CODE_SIGN_STYLE = Automatic;
				INFOPLIST_FILE = PitchPerfectUITests/Info.plist;
				LD_RUNPATH_SEARCH_PATHS = (
					"$(inherited)",
					"@executable_path/Frameworks",
					"@loader_path/Frameworks",
				);
				PRODUCT_BUNDLE_IDENTIFIER = course.PitchPerfectUITests;
				PRODUCT_NAME = "$(TARGET_NAME)";
				SWIFT_VERSION = 5.0;
				TARGETED_DEVICE_FAMILY = "1,2";
				TEST_TARGET_NAME = PitchPerfect;
			};
			name = Debug;
		};
		109C1FBA25C83787008C49A7 /* Release */ = {
			isa = XCBuildConfiguration;
			buildSettings = {
				ALWAYS_EMBED_SWIFT_STANDARD_LIBRARIES = YES;
				CODE_SIGN_STYLE = Automatic;
				INFOPLIST_FILE = PitchPerfectUITests/Info.plist;
				LD_RUNPATH_SEARCH_PATHS = (
					"$(inherited)",
					"@executable_path/Frameworks",
					"@loader_path/Frameworks",
				);
				PRODUCT_BUNDLE_IDENTIFIER = course.PitchPerfectUITests;
				PRODUCT_NAME = "$(TARGET_NAME)";
				SWIFT_VERSION = 5.0;
				TARGETED_DEVICE_FAMILY = "1,2";
				TEST_TARGET_NAME = PitchPerfect;
			};
			name = Release;
		};
/* End XCBuildConfiguration section */

/* Begin XCConfigurationList section */
		109C1F8325C83785008C49A7 /* Build configuration list for PBXProject "PitchPerfect" */ = {
			isa = XCConfigurationList;
			buildConfigurations = (
				109C1FB025C83787008C49A7 /* Debug */,
				109C1FB125C83787008C49A7 /* Release */,
			);
			defaultConfigurationIsVisible = 0;
			defaultConfigurationName = Release;
		};
		109C1FB225C83787008C49A7 /* Build configuration list for PBXNativeTarget "PitchPerfect" */ = {
			isa = XCConfigurationList;
			buildConfigurations = (
				109C1FB325C83787008C49A7 /* Debug */,
				109C1FB425C83787008C49A7 /* Release */,
			);
			defaultConfigurationIsVisible = 0;
			defaultConfigurationName = Release;
		};
		109C1FB525C83787008C49A7 /* Build configuration list for PBXNativeTarget "PitchPerfectTests" */ = {
			isa = XCConfigurationList;
			buildConfigurations = (
				109C1FB625C83787008C49A7 /* Debug */,
				109C1FB725C83787008C49A7 /* Release */,
			);
			defaultConfigurationIsVisible = 0;
			defaultConfigurationName = Release;
		};
		109C1FB825C83787008C49A7 /* Build configuration list for PBXNativeTarget "PitchPerfectUITests" */ = {
			isa = XCConfigurationList;
			buildConfigurations = (
				109C1FB925C83787008C49A7 /* Debug */,
				109C1FBA25C83787008C49A7 /* Release */,
			);
			defaultConfigurationIsVisible = 0;
			defaultConfigurationName = Release;
		};
/* End XCConfigurationList section */
	};
	rootObject = 109C1F8025C83785008C49A7 /* Project object */;
}
